
Microsoft Visual Studio Solution File, Format Version 12.00
# Visual Studio Version 17
VisualStudioVersion = 17.14.36603.0 d17.14
MinimumVisualStudioVersion = 10.0.40219.1
Project("{FAE04EC0-301F-11D3-BF4B-00C04F79EFBC}") = "LAB2_OOP_MAUI", "LAB2_OOP_MAUI.csproj", "{A5502A8D-4C46-4F17-9BA3-8148E735C907}"
EndProject
Global
	GlobalSection(SolutionConfigurationPlatforms) = preSolution
		Debug|Any CPU = Debug|Any CPU
		Release|Any CPU = Release|Any CPU
	EndGlobalSection
	GlobalSection(ProjectConfigurationPlatforms) = postSolution
		{A5502A8D-4C46-4F17-9BA3-8148E735C907}.Debug|Any CPU.ActiveCfg = Debug|Any CPU
		{A5502A8D-4C46-4F17-9BA3-8148E735C907}.Debug|Any CPU.Build.0 = Debug|Any CPU
		{A5502A8D-4C46-4F17-9BA3-8148E735C907}.Release|Any CPU.ActiveCfg = Release|Any CPU
		{A5502A8D-4C46-4F17-9BA3-8148E735C907}.Release|Any CPU.Build.0 = Release|Any CPU
	EndGlobalSection
	GlobalSection(SolutionProperties) = preSolution
		HideSolutionNode = FALSE
	EndGlobalSection
	GlobalSection(ExtensibilityGlobals) = postSolution
		SolutionGuid = {32920D9F-6003-4113-B176-C2B0CF3FF8B9}
	EndGlobalSection
EndGlobal
